
Microsoft Visual Studio Solution File, Format Version 12.00
# Visual Studio Version 16
VisualStudioVersion = 16.0.30406.217
MinimumVisualStudioVersion = 10.0.40219.1
Project("{2150E333-8FDC-42A3-9474-1A3956D46DE8}") = "src", "src", "{FFD74DE8-5A74-455C-8123-4D8E669AAE2F}"
EndProject
Project("{2150E333-8FDC-42A3-9474-1A3956D46DE8}") = "BuildingBlocks", "BuildingBlocks", "{91419525-2D53-4BEA-8AFC-5D04BDE64CE9}"
EndProject
Project("{2150E333-8FDC-42A3-9474-1A3956D46DE8}") = "Services", "Services", "{F5D49249-47A3-455D-8E5D-3EAB84500539}"
EndProject
Project("{2150E333-8FDC-42A3-9474-1A3956D46DE8}") = "Web", "Web", "{7D8D0AA6-EDF5-41EF-A78F-7D97365234E3}"
EndProject
Project("{2150E333-8FDC-42A3-9474-1A3956D46DE8}") = "Identity", "Identity", "{75894975-40AC-4464-AE26-ED43A78764BD}"
EndProject
Project("{9A19103F-16F7-4668-BE54-9A1E7A4F7556}") = "BaseProject.Identity.API", "src\services\BaseProject.Identity.API\BaseProject.Identity.API.csproj", "{B7562047-433E-42E8-B73E-F74FE7127D39}"
EndProject
Project("{2150E333-8FDC-42A3-9474-1A3956D46DE8}") = "MVC", "MVC", "{763DAC19-0078-4063-8EC1-7EC2090F3D87}"
EndProject
Project("{9A19103F-16F7-4668-BE54-9A1E7A4F7556}") = "BaseProject.WebApp.MVC", "src\web\BaseProject.WebApp.MVC\BaseProject.WebApp.MVC.csproj", "{6B89A2CA-BEA3-4518-9340-4982C5A898F9}"
EndProject
Project("{2150E333-8FDC-42A3-9474-1A3956D46DE8}") = "Core", "Core", "{F2E46496-76BA-4B1C-8F94-DD43372CDFAF}"
EndProject
Project("{9A19103F-16F7-4668-BE54-9A1E7A4F7556}") = "BaseProject.Core", "src\buildingBlocks\BaseProject.Core\BaseProject.Core.csproj", "{6AC2357E-5EF4-42BD-9D5C-06A24554A086}"
EndProject
Project("{2150E333-8FDC-42A3-9474-1A3956D46DE8}") = "ShoppingCart", "ShoppingCart", "{8878EC57-AE22-4599-99D8-B41B0BA869F8}"
EndProject
Project("{2150E333-8FDC-42A3-9474-1A3956D46DE8}") = "Client", "Client", "{CD1C6DC2-E792-4AF7-AC09-717FBBB8968B}"
EndProject
Project("{2150E333-8FDC-42A3-9474-1A3956D46DE8}") = "Payment", "Payment", "{1FD78E90-756B-49AF-8264-89BE574D8633}"
EndProject
Project("{2150E333-8FDC-42A3-9474-1A3956D46DE8}") = "Order", "Order", "{EC878E5F-AA22-4186-9A5C-883DBD0D8719}"
EndProject
Project("{2150E333-8FDC-42A3-9474-1A3956D46DE8}") = "Catalog", "Catalog", "{5C16EE22-2403-4D24-8E8A-B1CED34486DC}"
EndProject
Project("{9A19103F-16F7-4668-BE54-9A1E7A4F7556}") = "BaseProject.Clients.API", "src\services\BaseProject.Client.API\BaseProject.Clients.API.csproj", "{45319251-B371-44AB-9B84-014042DBA219}"
EndProject
Project("{9A19103F-16F7-4668-BE54-9A1E7A4F7556}") = "BaseProject.Payment.API", "src\services\BaseProject.Payment.API\BaseProject.Payment.API.csproj", "{54C1108C-DF7C-40C9-9D4A-09BEE85C9141}"
EndProject
Project("{9A19103F-16F7-4668-BE54-9A1E7A4F7556}") = "BaseProject.ShoppingCart.API", "src\services\BaseProject.ShoppingCart.API\BaseProject.ShoppingCart.API.csproj", "{C28C3ECC-3CD2-4C73-BD89-1BFA945CE0F5}"
EndProject
Project("{9A19103F-16F7-4668-BE54-9A1E7A4F7556}") = "BaseProject.Catalog.API", "src\services\BaseProject.Catalog.API\BaseProject.Catalog.API.csproj", "{5D99B301-1A16-4291-A1C9-0AE7C209CAF4}"
EndProject
Project("{2150E333-8FDC-42A3-9474-1A3956D46DE8}") = "Services", "Services", "{A885666D-8CD3-4AD5-B9F6-E4479D023663}"
EndProject
Project("{9A19103F-16F7-4668-BE54-9A1E7A4F7556}") = "BaseProject.WebAPI.Core", "src\buildingBlocks\BaseProject.WebAPI.Core\BaseProject.WebAPI.Core.csproj", "{E3C7AE81-FA25-4AA3-BA1A-7E2E9750A399}"
EndProject
Project("{2150E333-8FDC-42A3-9474-1A3956D46DE8}") = "MessageBus", "MessageBus", "{F7FFC2A4-2CC1-476E-AADF-ACF22B77BB8E}"
EndProject
Project("{9A19103F-16F7-4668-BE54-9A1E7A4F7556}") = "BaseProject.MessageBus", "src\buildingBlocks\BaseProject.MessageBus\BaseProject.MessageBus.csproj", "{CBAD717F-8E2C-456C-894F-B0E646236AF6}"
EndProject
Project("{2150E333-8FDC-42A3-9474-1A3956D46DE8}") = "ApiGateways", "ApiGateways", "{95926733-3C63-47C8-A620-2F638B792A8D}"
EndProject
Project("{2150E333-8FDC-42A3-9474-1A3956D46DE8}") = "Shopping", "Shopping", "{D43EB0EC-FC52-4DE3-99A0-C410BD27AE68}"
EndProject
Project("{9A19103F-16F7-4668-BE54-9A1E7A4F7556}") = "BaseProjetct.Bff.Shopping", "src\apiGateway\BaseProjetct.Bff.Shopping\BaseProjetct.Bff.Shopping.csproj", "{47E55DD6-4C46-461D-8FCC-51FBF4A99F46}"
EndProject
Project("{9A19103F-16F7-4668-BE54-9A1E7A4F7556}") = "BaseProject.Catalog.Domain", "src\services\BaseProject.Catalog.Domain\BaseProject.Catalog.Domain.csproj", "{9A942363-CD64-4490-B1A8-1B5D28D8E884}"
EndProject
Project("{9A19103F-16F7-4668-BE54-9A1E7A4F7556}") = "BaseProject.Catalog.Infra", "src\services\BaseProject.Catalog.Infra\BaseProject.Catalog.Infra.csproj", "{90078AAB-1A78-4823-8D62-E3E17AE6A3CE}"
EndProject
Global
	GlobalSection(SolutionConfigurationPlatforms) = preSolution
		Debug|Any CPU = Debug|Any CPU
		Release|Any CPU = Release|Any CPU
	EndGlobalSection
	GlobalSection(ProjectConfigurationPlatforms) = postSolution
		{B7562047-433E-42E8-B73E-F74FE7127D39}.Debug|Any CPU.ActiveCfg = Debug|Any CPU
		{B7562047-433E-42E8-B73E-F74FE7127D39}.Debug|Any CPU.Build.0 = Debug|Any CPU
		{B7562047-433E-42E8-B73E-F74FE7127D39}.Release|Any CPU.ActiveCfg = Release|Any CPU
		{B7562047-433E-42E8-B73E-F74FE7127D39}.Release|Any CPU.Build.0 = Release|Any CPU
		{6B89A2CA-BEA3-4518-9340-4982C5A898F9}.Debug|Any CPU.ActiveCfg = Debug|Any CPU
		{6B89A2CA-BEA3-4518-9340-4982C5A898F9}.Debug|Any CPU.Build.0 = Debug|Any CPU
		{6B89A2CA-BEA3-4518-9340-4982C5A898F9}.Release|Any CPU.ActiveCfg = Release|Any CPU
		{6B89A2CA-BEA3-4518-9340-4982C5A898F9}.Release|Any CPU.Build.0 = Release|Any CPU
		{6AC2357E-5EF4-42BD-9D5C-06A24554A086}.Debug|Any CPU.ActiveCfg = Debug|Any CPU
		{6AC2357E-5EF4-42BD-9D5C-06A24554A086}.Debug|Any CPU.Build.0 = Debug|Any CPU
		{6AC2357E-5EF4-42BD-9D5C-06A24554A086}.Release|Any CPU.ActiveCfg = Release|Any CPU
		{6AC2357E-5EF4-42BD-9D5C-06A24554A086}.Release|Any CPU.Build.0 = Release|Any CPU
		{45319251-B371-44AB-9B84-014042DBA219}.Debug|Any CPU.ActiveCfg = Debug|Any CPU
		{45319251-B371-44AB-9B84-014042DBA219}.Debug|Any CPU.Build.0 = Debug|Any CPU
		{45319251-B371-44AB-9B84-014042DBA219}.Release|Any CPU.ActiveCfg = Release|Any CPU
		{45319251-B371-44AB-9B84-014042DBA219}.Release|Any CPU.Build.0 = Release|Any CPU
		{54C1108C-DF7C-40C9-9D4A-09BEE85C9141}.Debug|Any CPU.ActiveCfg = Debug|Any CPU
		{54C1108C-DF7C-40C9-9D4A-09BEE85C9141}.Debug|Any CPU.Build.0 = Debug|Any CPU
		{54C1108C-DF7C-40C9-9D4A-09BEE85C9141}.Release|Any CPU.ActiveCfg = Release|Any CPU
		{54C1108C-DF7C-40C9-9D4A-09BEE85C9141}.Release|Any CPU.Build.0 = Release|Any CPU
		{C28C3ECC-3CD2-4C73-BD89-1BFA945CE0F5}.Debug|Any CPU.ActiveCfg = Debug|Any CPU
		{C28C3ECC-3CD2-4C73-BD89-1BFA945CE0F5}.Debug|Any CPU.Build.0 = Debug|Any CPU
		{C28C3ECC-3CD2-4C73-BD89-1BFA945CE0F5}.Release|Any CPU.ActiveCfg = Release|Any CPU
		{C28C3ECC-3CD2-4C73-BD89-1BFA945CE0F5}.Release|Any CPU.Build.0 = Release|Any CPU
		{5D99B301-1A16-4291-A1C9-0AE7C209CAF4}.Debug|Any CPU.ActiveCfg = Debug|Any CPU
		{5D99B301-1A16-4291-A1C9-0AE7C209CAF4}.Debug|Any CPU.Build.0 = Debug|Any CPU
		{5D99B301-1A16-4291-A1C9-0AE7C209CAF4}.Release|Any CPU.ActiveCfg = Release|Any CPU
		{5D99B301-1A16-4291-A1C9-0AE7C209CAF4}.Release|Any CPU.Build.0 = Release|Any CPU
		{E3C7AE81-FA25-4AA3-BA1A-7E2E9750A399}.Debug|Any CPU.ActiveCfg = Debug|Any CPU
		{E3C7AE81-FA25-4AA3-BA1A-7E2E9750A399}.Debug|Any CPU.Build.0 = Debug|Any CPU
		{E3C7AE81-FA25-4AA3-BA1A-7E2E9750A399}.Release|Any CPU.ActiveCfg = Release|Any CPU
		{E3C7AE81-FA25-4AA3-BA1A-7E2E9750A399}.Release|Any CPU.Build.0 = Release|Any CPU
		{CBAD717F-8E2C-456C-894F-B0E646236AF6}.Debug|Any CPU.ActiveCfg = Debug|Any CPU
		{CBAD717F-8E2C-456C-894F-B0E646236AF6}.Debug|Any CPU.Build.0 = Debug|Any CPU
		{CBAD717F-8E2C-456C-894F-B0E646236AF6}.Release|Any CPU.ActiveCfg = Release|Any CPU
		{CBAD717F-8E2C-456C-894F-B0E646236AF6}.Release|Any CPU.Build.0 = Release|Any CPU
		{47E55DD6-4C46-461D-8FCC-51FBF4A99F46}.Debug|Any CPU.ActiveCfg = Debug|Any CPU
		{47E55DD6-4C46-461D-8FCC-51FBF4A99F46}.Debug|Any CPU.Build.0 = Debug|Any CPU
		{47E55DD6-4C46-461D-8FCC-51FBF4A99F46}.Release|Any CPU.ActiveCfg = Release|Any CPU
		{47E55DD6-4C46-461D-8FCC-51FBF4A99F46}.Release|Any CPU.Build.0 = Release|Any CPU
		{9A942363-CD64-4490-B1A8-1B5D28D8E884}.Debug|Any CPU.ActiveCfg = Debug|Any CPU
		{9A942363-CD64-4490-B1A8-1B5D28D8E884}.Debug|Any CPU.Build.0 = Debug|Any CPU
		{9A942363-CD64-4490-B1A8-1B5D28D8E884}.Release|Any CPU.ActiveCfg = Release|Any CPU
		{9A942363-CD64-4490-B1A8-1B5D28D8E884}.Release|Any CPU.Build.0 = Release|Any CPU
		{90078AAB-1A78-4823-8D62-E3E17AE6A3CE}.Debug|Any CPU.ActiveCfg = Debug|Any CPU
		{90078AAB-1A78-4823-8D62-E3E17AE6A3CE}.Debug|Any CPU.Build.0 = Debug|Any CPU
		{90078AAB-1A78-4823-8D62-E3E17AE6A3CE}.Release|Any CPU.ActiveCfg = Release|Any CPU
		{90078AAB-1A78-4823-8D62-E3E17AE6A3CE}.Release|Any CPU.Build.0 = Release|Any CPU
	EndGlobalSection
	GlobalSection(SolutionProperties) = preSolution
		HideSolutionNode = FALSE
	EndGlobalSection
	GlobalSection(NestedProjects) = preSolution
		{91419525-2D53-4BEA-8AFC-5D04BDE64CE9} = {FFD74DE8-5A74-455C-8123-4D8E669AAE2F}
		{F5D49249-47A3-455D-8E5D-3EAB84500539} = {FFD74DE8-5A74-455C-8123-4D8E669AAE2F}
		{7D8D0AA6-EDF5-41EF-A78F-7D97365234E3} = {FFD74DE8-5A74-455C-8123-4D8E669AAE2F}
		{75894975-40AC-4464-AE26-ED43A78764BD} = {F5D49249-47A3-455D-8E5D-3EAB84500539}
		{B7562047-433E-42E8-B73E-F74FE7127D39} = {75894975-40AC-4464-AE26-ED43A78764BD}
		{763DAC19-0078-4063-8EC1-7EC2090F3D87} = {7D8D0AA6-EDF5-41EF-A78F-7D97365234E3}
		{6B89A2CA-BEA3-4518-9340-4982C5A898F9} = {763DAC19-0078-4063-8EC1-7EC2090F3D87}
		{F2E46496-76BA-4B1C-8F94-DD43372CDFAF} = {91419525-2D53-4BEA-8AFC-5D04BDE64CE9}
		{6AC2357E-5EF4-42BD-9D5C-06A24554A086} = {F2E46496-76BA-4B1C-8F94-DD43372CDFAF}
		{8878EC57-AE22-4599-99D8-B41B0BA869F8} = {F5D49249-47A3-455D-8E5D-3EAB84500539}
		{CD1C6DC2-E792-4AF7-AC09-717FBBB8968B} = {F5D49249-47A3-455D-8E5D-3EAB84500539}
		{1FD78E90-756B-49AF-8264-89BE574D8633} = {F5D49249-47A3-455D-8E5D-3EAB84500539}
		{EC878E5F-AA22-4186-9A5C-883DBD0D8719} = {F5D49249-47A3-455D-8E5D-3EAB84500539}
		{5C16EE22-2403-4D24-8E8A-B1CED34486DC} = {F5D49249-47A3-455D-8E5D-3EAB84500539}
		{45319251-B371-44AB-9B84-014042DBA219} = {CD1C6DC2-E792-4AF7-AC09-717FBBB8968B}
		{54C1108C-DF7C-40C9-9D4A-09BEE85C9141} = {1FD78E90-756B-49AF-8264-89BE574D8633}
		{C28C3ECC-3CD2-4C73-BD89-1BFA945CE0F5} = {8878EC57-AE22-4599-99D8-B41B0BA869F8}
		{5D99B301-1A16-4291-A1C9-0AE7C209CAF4} = {5C16EE22-2403-4D24-8E8A-B1CED34486DC}
		{A885666D-8CD3-4AD5-B9F6-E4479D023663} = {91419525-2D53-4BEA-8AFC-5D04BDE64CE9}
		{E3C7AE81-FA25-4AA3-BA1A-7E2E9750A399} = {A885666D-8CD3-4AD5-B9F6-E4479D023663}
		{F7FFC2A4-2CC1-476E-AADF-ACF22B77BB8E} = {91419525-2D53-4BEA-8AFC-5D04BDE64CE9}
		{CBAD717F-8E2C-456C-894F-B0E646236AF6} = {F7FFC2A4-2CC1-476E-AADF-ACF22B77BB8E}
		{95926733-3C63-47C8-A620-2F638B792A8D} = {FFD74DE8-5A74-455C-8123-4D8E669AAE2F}
		{D43EB0EC-FC52-4DE3-99A0-C410BD27AE68} = {95926733-3C63-47C8-A620-2F638B792A8D}
		{47E55DD6-4C46-461D-8FCC-51FBF4A99F46} = {D43EB0EC-FC52-4DE3-99A0-C410BD27AE68}
		{9A942363-CD64-4490-B1A8-1B5D28D8E884} = {5C16EE22-2403-4D24-8E8A-B1CED34486DC}
		{90078AAB-1A78-4823-8D62-E3E17AE6A3CE} = {5C16EE22-2403-4D24-8E8A-B1CED34486DC}
	EndGlobalSection
	GlobalSection(ExtensibilityGlobals) = postSolution
		SolutionGuid = {28910612-FC2C-4059-A8B1-E7F6B9D1174C}
	EndGlobalSection
EndGlobal
